
Microsoft Visual Studio Solution File, Format Version 12.00
# Visual Studio Version 16
VisualStudioVersion = 16.0.30523.141
MinimumVisualStudioVersion = 10.0.40219.1
Project("{FAE04EC0-301F-11D3-BF4B-00C04F79EFBC}") = "LeetCodeSolCS", "LeetCodeSolCS\LeetCodeSolCS.csproj", "{82675E8F-AA4A-41D3-A1F0-5607BFFE1144}"
EndProject
Global
	GlobalSection(SolutionConfigurationPlatforms) = preSolution
		Debug|Any CPU = Debug|Any CPU
		Release|Any CPU = Release|Any CPU
	EndGlobalSection
	GlobalSection(ProjectConfigurationPlatforms) = postSolution
		{82675E8F-AA4A-41D3-A1F0-5607BFFE1144}.Debug|Any CPU.ActiveCfg = Debug|Any CPU
		{82675E8F-AA4A-41D3-A1F0-5607BFFE1144}.Debug|Any CPU.Build.0 = Debug|Any CPU
		{82675E8F-AA4A-41D3-A1F0-5607BFFE1144}.Release|Any CPU.ActiveCfg = Release|Any CPU
		{82675E8F-AA4A-41D3-A1F0-5607BFFE1144}.Release|Any CPU.Build.0 = Release|Any CPU
	EndGlobalSection
	GlobalSection(SolutionProperties) = preSolution
		HideSolutionNode = FALSE
	EndGlobalSection
	GlobalSection(ExtensibilityGlobals) = postSolution
		SolutionGuid = {F50A3D7B-2F48-4163-8E5F-5DC8074977EC}
	EndGlobalSection
EndGlobal
